
Microsoft Visual Studio Solution File, Format Version 12.00
# Visual Studio Version 17
VisualStudioVersion = 17.0.32014.148
MinimumVisualStudioVersion = 10.0.40219.1
Project("{FAE04EC0-301F-11D3-BF4B-00C04F79EFBC}") = "Attendence", "Attendence\Attendence.csproj", "{4341560E-3E6A-47DC-BE54-F705E27C024D}"
EndProject
Global
	GlobalSection(SolutionConfigurationPlatforms) = preSolution
		Debug|Any CPU = Debug|Any CPU
		Release|Any CPU = Release|Any CPU
	EndGlobalSection
	GlobalSection(ProjectConfigurationPlatforms) = postSolution
		{4341560E-3E6A-47DC-BE54-F705E27C024D}.Debug|Any CPU.ActiveCfg = Debug|Any CPU
		{4341560E-3E6A-47DC-BE54-F705E27C024D}.Debug|Any CPU.Build.0 = Debug|Any CPU
		{4341560E-3E6A-47DC-BE54-F705E27C024D}.Release|Any CPU.ActiveCfg = Release|Any CPU
		{4341560E-3E6A-47DC-BE54-F705E27C024D}.Release|Any CPU.Build.0 = Release|Any CPU
	EndGlobalSection
	GlobalSection(SolutionProperties) = preSolution
		HideSolutionNode = FALSE
	EndGlobalSection
	GlobalSection(ExtensibilityGlobals) = postSolution
		SolutionGuid = {E9CBB891-2DE1-418B-A19B-620E8602E768}
	EndGlobalSection
EndGlobal
